// !$*UTF8*$!
{
	archiveVersion = 1;
	classes = {
	};
	objectVersion = 47;
	objects = {

/* Begin PBXBuildFile section */
		07838603148BD517001E7BD7 /* SpectaclePreferencesController.m in Sources */ = {isa = PBXBuildFile; fileRef = 07838602148BD517001E7BD7 /* SpectaclePreferencesController.m */; };
		2D0759A71C71746500A17E80 /* SpectacleWindowPositionCalculationRegistry.m in Sources */ = {isa = PBXBuildFile; fileRef = 2D0759A61C71746500A17E80 /* SpectacleWindowPositionCalculationRegistry.m */; };
		2D1AE52515D715F400EAC5BD /* SpectacleRegisteredShortcutValidator.m in Sources */ = {isa = PBXBuildFile; fileRef = 2D1AE52415D715F400EAC5BD /* SpectacleRegisteredShortcutValidator.m */; };
		2D20F0181CD18ED7003DDA5B /* SpectacleBottomHalfWindowCalculationSpec.m in Sources */ = {isa = PBXBuildFile; fileRef = 2D20F0081CD18ED7003DDA5B /* SpectacleBottomHalfWindowCalculationSpec.m */; };
		2D20F0191CD18ED7003DDA5B /* SpectacleCenterWindowCalculationSpec.m in Sources */ = {isa = PBXBuildFile; fileRef = 2D20F0091CD18ED7003DDA5B /* SpectacleCenterWindowCalculationSpec.m */; };
		2D20F01A1CD18ED7003DDA5B /* SpectacleFullscreenWindowCalculationSpec.m in Sources */ = {isa = PBXBuildFile; fileRef = 2D20F00A1CD18ED7003DDA5B /* SpectacleFullscreenWindowCalculationSpec.m */; };
		2D20F01B1CD18ED7003DDA5B /* SpectacleLargerWindowCalculationSpec.m in Sources */ = {isa = PBXBuildFile; fileRef = 2D20F00B1CD18ED7003DDA5B /* SpectacleLargerWindowCalculationSpec.m */; };
		2D20F01C1CD18ED7003DDA5B /* SpectacleLeftHalfWindowCalculationSpec.m in Sources */ = {isa = PBXBuildFile; fileRef = 2D20F00C1CD18ED7003DDA5B /* SpectacleLeftHalfWindowCalculationSpec.m */; };
		2D20F01D1CD18ED7003DDA5B /* SpectacleLowerLeftWindowCalculationSpec.m in Sources */ = {isa = PBXBuildFile; fileRef = 2D20F00D1CD18ED7003DDA5B /* SpectacleLowerLeftWindowCalculationSpec.m */; };
		2D20F01E1CD18ED7003DDA5B /* SpectacleRightHalfWindowCalculationSpec.m in Sources */ = {isa = PBXBuildFile; fileRef = 2D20F00E1CD18ED7003DDA5B /* SpectacleRightHalfWindowCalculationSpec.m */; };
		2D20F01F1CD18ED7003DDA5B /* SpectacleSmallerWindowCalculationSpec.m in Sources */ = {isa = PBXBuildFile; fileRef = 2D20F00F1CD18ED7003DDA5B /* SpectacleSmallerWindowCalculationSpec.m */; };
		2D20F0201CD18ED7003DDA5B /* SpectacleTopHalfWindowCalculationSpec.m in Sources */ = {isa = PBXBuildFile; fileRef = 2D20F0101CD18ED7003DDA5B /* SpectacleTopHalfWindowCalculationSpec.m */; };
		2D20F0211CD18ED7003DDA5B /* SpectacleUpperLeftWindowCalculationSpec.m in Sources */ = {isa = PBXBuildFile; fileRef = 2D20F0111CD18ED7003DDA5B /* SpectacleUpperLeftWindowCalculationSpec.m */; };
		2D20F0221CD18ED7003DDA5B /* SpectacleUpperRightWindowCalculationSpec.m in Sources */ = {isa = PBXBuildFile; fileRef = 2D20F0121CD18ED7003DDA5B /* SpectacleUpperRightWindowCalculationSpec.m */; };
		2D20F0231CD18ED7003DDA5B /* SpectacleLowerRightWindowCalculationSpec.m in Sources */ = {isa = PBXBuildFile; fileRef = 2D20F0131CD18ED7003DDA5B /* SpectacleLowerRightWindowCalculationSpec.m */; };
		2D20F0241CD18ED7003DDA5B /* SpectacleNextThirdWindowCalculationSpec.m in Sources */ = {isa = PBXBuildFile; fileRef = 2D20F0141CD18ED7003DDA5B /* SpectacleNextThirdWindowCalculationSpec.m */; };
		2D20F0251CD18ED7003DDA5B /* SpectaclePreviousThirdWindowCalculationSpec.m in Sources */ = {isa = PBXBuildFile; fileRef = 2D20F0151CD18ED7003DDA5B /* SpectaclePreviousThirdWindowCalculationSpec.m */; };
		2D20F0261CD18ED7003DDA5B /* SpectacleWindowPositionManagerSpec.m in Sources */ = {isa = PBXBuildFile; fileRef = 2D20F0161CD18ED7003DDA5B /* SpectacleWindowPositionManagerSpec.m */; };
		2D20F0271CD18ED7003DDA5B /* SpectacleScreenDetectorSpec.m in Sources */ = {isa = PBXBuildFile; fileRef = 2D20F0171CD18ED7003DDA5B /* SpectacleScreenDetectorSpec.m */; };
		2D2C0E1E14854A4300D9B765 /* SpectacleShortcut.m in Sources */ = {isa = PBXBuildFile; fileRef = 2D2C0E1D14854A4300D9B765 /* SpectacleShortcut.m */; };
		2D2C0E2014854ACB00D9B765 /* SpectacleShortcut.m in Sources */ = {isa = PBXBuildFile; fileRef = 2D2C0E1D14854A4300D9B765 /* SpectacleShortcut.m */; };
		2D340B4A1E6B33510043BC98 /* SpectacleWindowPositionManager.m in Sources */ = {isa = PBXBuildFile; fileRef = 2D340B491E6B33510043BC98 /* SpectacleWindowPositionManager.m */; };
		2D340B4B1E6B33510043BC98 /* SpectacleWindowPositionManager.m in Sources */ = {isa = PBXBuildFile; fileRef = 2D340B491E6B33510043BC98 /* SpectacleWindowPositionManager.m */; };
		2D3574F415A1E0C6001EBDFE /* SpectacleShortcutRecorder.m in Sources */ = {isa = PBXBuildFile; fileRef = 2D3574F315A1E0C6001EBDFE /* SpectacleShortcutRecorder.m */; };
		2D3F54DA1C6FED2200F07960 /* SpectacleWindowAction.m in Sources */ = {isa = PBXBuildFile; fileRef = 2D3F54D91C6FED2200F07960 /* SpectacleWindowAction.m */; };
		2D3F54DB1C6FED2200F07960 /* SpectacleWindowAction.m in Sources */ = {isa = PBXBuildFile; fileRef = 2D3F54D91C6FED2200F07960 /* SpectacleWindowAction.m */; };
		2D3FA9CE14D12C5400FBA092 /* SpectacleShortcutManager.m in Sources */ = {isa = PBXBuildFile; fileRef = 2D3FA9CD14D12C5400FBA092 /* SpectacleShortcutManager.m */; };
		2D40E5641C70C71B00FFA59A /* SpectacleWindowPositionCalculationRegistry.m in Sources */ = {isa = PBXBuildFile; fileRef = 2D0759A61C71746500A17E80 /* SpectacleWindowPositionCalculationRegistry.m */; };
		2D40E5661C70C71B00FFA59A /* SpectacleWindowPositionCalculator.m in Sources */ = {isa = PBXBuildFile; fileRef = 2D40E5651C70C71B00FFA59A /* SpectacleWindowPositionCalculator.m */; };
		2D40E5671C70C71B00FFA59A /* SpectacleWindowPositionCalculator.m in Sources */ = {isa = PBXBuildFile; fileRef = 2D40E5651C70C71B00FFA59A /* SpectacleWindowPositionCalculator.m */; };
		2D40E5751C70C83F00FFA59A /* SpectacleWindowPositionCalculationResult.m in Sources */ = {isa = PBXBuildFile; fileRef = 2D40E5741C70C83F00FFA59A /* SpectacleWindowPositionCalculationResult.m */; };
		2D40E5761C70C83F00FFA59A /* SpectacleWindowPositionCalculationResult.m in Sources */ = {isa = PBXBuildFile; fileRef = 2D40E5741C70C83F00FFA59A /* SpectacleWindowPositionCalculationResult.m */; };
		2D461B3B16B02D280002C869 /* SpectacleScreenDetectionResult.m in Sources */ = {isa = PBXBuildFile; fileRef = 2D461B3A16B02D280002C869 /* SpectacleScreenDetectionResult.m */; };
		2D461B3C16B02D280002C869 /* SpectacleScreenDetectionResult.m in Sources */ = {isa = PBXBuildFile; fileRef = 2D461B3A16B02D280002C869 /* SpectacleScreenDetectionResult.m */; };
		2D5028DE14D2CD3600673C9A /* SpectacleLoginItemHelper.m in Sources */ = {isa = PBXBuildFile; fileRef = 2D5028DD14D2CD3600673C9A /* SpectacleLoginItemHelper.m */; };
		2D55E6381490EB7D00DE7E1E /* SpectacleShortcutUserDefaultsStorage.m in Sources */ = {isa = PBXBuildFile; fileRef = 2D55E6371490EB7D00DE7E1E /* SpectacleShortcutUserDefaultsStorage.m */; };
		2D5D1AEB1E6BEB4500E12E5B /* SpectacleBestEffortWindowMover.m in Sources */ = {isa = PBXBuildFile; fileRef = 2D5D1AEA1E6BEB4500E12E5B /* SpectacleBestEffortWindowMover.m */; };
		2D5D1AEC1E6BEB4500E12E5B /* SpectacleBestEffortWindowMover.m in Sources */ = {isa = PBXBuildFile; fileRef = 2D5D1AEA1E6BEB4500E12E5B /* SpectacleBestEffortWindowMover.m */; };
		2D5D1AEE1E6BED3E00E12E5B /* SpectacleStandardWindowMover.m in Sources */ = {isa = PBXBuildFile; fileRef = 2D5D1AED1E6BED3E00E12E5B /* SpectacleStandardWindowMover.m */; };
		2D5D1AEF1E6BED3E00E12E5B /* SpectacleStandardWindowMover.m in Sources */ = {isa = PBXBuildFile; fileRef = 2D5D1AED1E6BED3E00E12E5B /* SpectacleStandardWindowMover.m */; };
		2D5D1AF11E6BED5600E12E5B /* SpectacleQuantizedWindowMover.m in Sources */ = {isa = PBXBuildFile; fileRef = 2D5D1AF01E6BED5600E12E5B /* SpectacleQuantizedWindowMover.m */; };
		2D5D1AF21E6BED5600E12E5B /* SpectacleQuantizedWindowMover.m in Sources */ = {isa = PBXBuildFile; fileRef = 2D5D1AF01E6BED5600E12E5B /* SpectacleQuantizedWindowMover.m */; };
		2D6C449914C4B2F0005F7FB2 /* SpectacleShortcutValidation.m in Sources */ = {isa = PBXBuildFile; fileRef = 2D6C449814C4B2F0005F7FB2 /* SpectacleShortcutValidation.m */; };
		2D6C449A14C4B2F0005F7FB2 /* SpectacleShortcutValidation.m in Sources */ = {isa = PBXBuildFile; fileRef = 2D6C449814C4B2F0005F7FB2 /* SpectacleShortcutValidation.m */; };
		2D79E35315A0A19500D43DDB /* SpectacleShortcutHolder.m in Sources */ = {isa = PBXBuildFile; fileRef = 2D79E35215A0A19500D43DDB /* SpectacleShortcutHolder.m */; };
		2D79E35415A0A19500D43DDB /* SpectacleShortcutHolder.m in Sources */ = {isa = PBXBuildFile; fileRef = 2D79E35215A0A19500D43DDB /* SpectacleShortcutHolder.m */; };
		2D9DC4031C7178FA00ADAC84 /* SpectacleHistory.m in Sources */ = {isa = PBXBuildFile; fileRef = 2D9DC4021C7178FA00ADAC84 /* SpectacleHistory.m */; };
		2D9DC4041C7178FA00ADAC84 /* SpectacleHistory.m in Sources */ = {isa = PBXBuildFile; fileRef = 2D9DC4021C7178FA00ADAC84 /* SpectacleHistory.m */; };
		2D9DC4061C717E7F00ADAC84 /* SpectacleHistoryItem.m in Sources */ = {isa = PBXBuildFile; fileRef = 2D9DC4051C717E7F00ADAC84 /* SpectacleHistoryItem.m */; };
		2D9DC4071C717E7F00ADAC84 /* SpectacleHistoryItem.m in Sources */ = {isa = PBXBuildFile; fileRef = 2D9DC4051C717E7F00ADAC84 /* SpectacleHistoryItem.m */; };
		2DA5B7D019F8BA79007EDE8E /* SpectacleWindowPositionManagerSpec.m in Sources */ = {isa = PBXBuildFile; fileRef = 2D20F0161CD18ED7003DDA5B /* SpectacleWindowPositionManagerSpec.m */; };
		2DAF47B81A0AE5D2000E6BBF /* SpectacleJavaScriptEnvironment.m in Sources */ = {isa = PBXBuildFile; fileRef = 2DAF47B71A0AE5D2000E6BBF /* SpectacleJavaScriptEnvironment.m */; };
		2DB4A4B81C73F9DB0051A7E6 /* SpectacleScreenDetector.m in Sources */ = {isa = PBXBuildFile; fileRef = 2DB4A4B71C73F9DB0051A7E6 /* SpectacleScreenDetector.m */; };
		2DB4A4B91C73F9DB0051A7E6 /* SpectacleScreenDetector.m in Sources */ = {isa = PBXBuildFile; fileRef = 2DB4A4B71C73F9DB0051A7E6 /* SpectacleScreenDetector.m */; };
		2DB58F071C71B62B00D6DAF3 /* SpectacleWindowPositionCalculationResult.m in Sources */ = {isa = PBXBuildFile; fileRef = 2D40E5741C70C83F00FFA59A /* SpectacleWindowPositionCalculationResult.m */; };
		2DB58F081C71B62B00D6DAF3 /* SpectacleWindowPositionCalculator.m in Sources */ = {isa = PBXBuildFile; fileRef = 2D40E5651C70C71B00FFA59A /* SpectacleWindowPositionCalculator.m */; };
		2DC8BA4514C88ABD00A1E6B1 /* SpectacleUtilities.m in Sources */ = {isa = PBXBuildFile; fileRef = 2DC8BA4414C88ABD00A1E6B1 /* SpectacleUtilities.m */; };
		2DC8BA4614C88ABD00A1E6B1 /* SpectacleUtilities.m in Sources */ = {isa = PBXBuildFile; fileRef = 2DC8BA4414C88ABD00A1E6B1 /* SpectacleUtilities.m */; };
		2DD1AC0A1E6E5F6800F6B3F6 /* SpectacleMigratingShortcutStorage.m in Sources */ = {isa = PBXBuildFile; fileRef = 2DD1AC091E6E5F6800F6B3F6 /* SpectacleMigratingShortcutStorage.m */; };
		2DD1AC0B1E6E5F6800F6B3F6 /* SpectacleMigratingShortcutStorage.m in Sources */ = {isa = PBXBuildFile; fileRef = 2DD1AC091E6E5F6800F6B3F6 /* SpectacleMigratingShortcutStorage.m */; };
		2DD52F211DEB5CDD00FC4CC8 /* SpectacleShortcutJSONStorage.m in Sources */ = {isa = PBXBuildFile; fileRef = 2DD52F201DEB5CDD00FC4CC8 /* SpectacleShortcutJSONStorage.m */; };
		2DD52F221DEB5CDD00FC4CC8 /* SpectacleShortcutJSONStorage.m in Sources */ = {isa = PBXBuildFile; fileRef = 2DD52F201DEB5CDD00FC4CC8 /* SpectacleShortcutJSONStorage.m */; };
		2DE01C881487B91800C0F9BD /* SpectacleAccessibilityElement.m in Sources */ = {isa = PBXBuildFile; fileRef = 2DE01C871487B91800C0F9BD /* SpectacleAccessibilityElement.m */; };
		2DE01C8A1487B93700C0F9BD /* SpectacleAccessibilityElement.m in Sources */ = {isa = PBXBuildFile; fileRef = 2DE01C871487B91800C0F9BD /* SpectacleAccessibilityElement.m */; };
		2DE0C58214BB8B3E0004D617 /* SpectacleDefaultShortcutHelpers.m in Sources */ = {isa = PBXBuildFile; fileRef = 2DE0C58114BB8B3E0004D617 /* SpectacleDefaultShortcutHelpers.m */; };
		2DE0C58314BB8B3E0004D617 /* SpectacleDefaultShortcutHelpers.m in Sources */ = {isa = PBXBuildFile; fileRef = 2DE0C58114BB8B3E0004D617 /* SpectacleDefaultShortcutHelpers.m */; };
		2DEA08E114CA9D7600A01F16 /* SpectacleRegisteredShortcutValidator.m in Sources */ = {isa = PBXBuildFile; fileRef = 2D1AE52415D715F400EAC5BD /* SpectacleRegisteredShortcutValidator.m */; };
		2DEEA3A61500E3990034A14D /* SpectacleShortcutTranslations.m in Sources */ = {isa = PBXBuildFile; fileRef = 2DEEA3A51500E3990034A14D /* SpectacleShortcutTranslations.m */; };
		2DEEA3A71500E3990034A14D /* SpectacleShortcutTranslations.m in Sources */ = {isa = PBXBuildFile; fileRef = 2DEEA3A51500E3990034A14D /* SpectacleShortcutTranslations.m */; };
		2DF0CF2F148A5F7E00A9E1DC /* SpectaclePreferencesController.m in Sources */ = {isa = PBXBuildFile; fileRef = 07838602148BD517001E7BD7 /* SpectaclePreferencesController.m */; };
		2DF27D8614C4697D00C43B98 /* SpectacleShortcutKeyBindings.m in Sources */ = {isa = PBXBuildFile; fileRef = 2DF27D8514C4697D00C43B98 /* SpectacleShortcutKeyBindings.m */; };
		2DF27D8714C4697D00C43B98 /* SpectacleShortcutKeyBindings.m in Sources */ = {isa = PBXBuildFile; fileRef = 2DF27D8514C4697D00C43B98 /* SpectacleShortcutKeyBindings.m */; };
		2DF8E4E91DC3A94800CA2CF3 /* SpectacleShortcutJSONStorage.m in Sources */ = {isa = PBXBuildFile; fileRef = 2DD52F201DEB5CDD00FC4CC8 /* SpectacleShortcutJSONStorage.m */; };
		D0C5AD77198B28540057E4A4 /* SpectacleAppDelegate.m in Sources */ = {isa = PBXBuildFile; fileRef = D0C5AD76198B28540057E4A4 /* SpectacleAppDelegate.m */; };
/* End PBXBuildFile section */

/* Begin PBXContainerItemProxy section */
		2DA5B7CC19F8BA79007EDE8E /* PBXContainerItemProxy */ = {
			isa = PBXContainerItemProxy;
			containerPortal = 1DBD208908BA7EB900186707 /* Project object */;
			proxyType = 1;
			remoteGlobalIDString = 1DBD214208BA80EA00186707;
			remoteInfo = Spectacle;
		};
/* End PBXContainerItemProxy section */

/* Begin PBXFileReference section */
		07838602148BD517001E7BD7 /* SpectaclePreferencesController.m */ = {isa = PBXFileReference; fileEncoding = 4; lastKnownFileType = sourcecode.c.objc; name = SpectaclePreferencesController.m; path = Sources/SpectaclePreferencesController.m; sourceTree = "<group>"; };
		07838603148BD517001E7BD7 /* SpectaclePreferencesController.h */ = {isa = PBXFileReference; fileEncoding = 4; lastKnownFileType = sourcecode.c.h; name = SpectaclePreferencesController.h; path = Sources/SpectaclePreferencesController.h; sourceTree = "<group>"; };
		1DBD214308BA80EA00186707 /* Spectacle.app */ = {isa = PBXFileReference; explicitFileType = wrapper.application; includeInIndex = 0; path = Spectacle.app; sourceTree = BUILT_PRODUCTS_DIR; };
		1DBD214908BA80EA00186707 /* Foundation.framework */ = {isa = PBXFileReference; lastKnownFileType = wrapper.framework; name = Foundation.framework; path = System/Library/Frameworks/Foundation.framework; sourceTree = SDKROOT; };
		1DBD214B08BA80EA00186707 /* Cocoa.framework */ = {isa = PBXFileReference; lastKnownFileType = wrapper.framework; name = Cocoa.framework; path = System/Library/Frameworks/Cocoa.framework; sourceTree = SDKROOT; };
		2D0759A61C71746500A17E80 /* SpectacleWindowPositionCalculationRegistry.m */ = {isa = PBXFileReference; fileEncoding = 4; lastKnownFileType = sourcecode.c.objc; name = SpectacleWindowPositionCalculationRegistry.m; path = Sources/SpectacleWindowPositionCalculationRegistry.m; sourceTree = "<group>"; };
		2D0759A81C717F0900A17E80 /* SpectacleWindowPositionCalculationRegistry.h */ = {isa = PBXFileReference; fileEncoding = 4; lastKnownFileType = sourcecode.c.h; name = SpectacleWindowPositionCalculationRegistry.h; path = Sources/SpectacleWindowPositionCalculationRegistry.h; sourceTree = "<group>"; };
		2D1AE52415D715F400EAC5BD /* SpectacleRegisteredShortcutValidator.m */ = {isa = PBXFileReference; fileEncoding = 4; lastKnownFileType = sourcecode.c.objc; name = SpectacleRegisteredShortcutValidator.m; path = Sources/SpectacleRegisteredShortcutValidator.m; sourceTree = "<group>"; };
		2D1AE52615D716AF00EAC5BD /* SpectacleRegisteredShortcutValidator.h */ = {isa = PBXFileReference; fileEncoding = 4; lastKnownFileType = sourcecode.c.h; name = SpectacleRegisteredShortcutValidator.h; path = Sources/SpectacleRegisteredShortcutValidator.h; sourceTree = "<group>"; };
		2D20F0081CD18ED7003DDA5B /* SpectacleBottomHalfWindowCalculationSpec.m */ = {isa = PBXFileReference; fileEncoding = 4; lastKnownFileType = sourcecode.c.objc; path = SpectacleBottomHalfWindowCalculationSpec.m; sourceTree = "<group>"; };
		2D20F0091CD18ED7003DDA5B /* SpectacleCenterWindowCalculationSpec.m */ = {isa = PBXFileReference; fileEncoding = 4; lastKnownFileType = sourcecode.c.objc; path = SpectacleCenterWindowCalculationSpec.m; sourceTree = "<group>"; };
		2D20F00A1CD18ED7003DDA5B /* SpectacleFullscreenWindowCalculationSpec.m */ = {isa = PBXFileReference; fileEncoding = 4; lastKnownFileType = sourcecode.c.objc; path = SpectacleFullscreenWindowCalculationSpec.m; sourceTree = "<group>"; };
		2D20F00B1CD18ED7003DDA5B /* SpectacleLargerWindowCalculationSpec.m */ = {isa = PBXFileReference; fileEncoding = 4; lastKnownFileType = sourcecode.c.objc; path = SpectacleLargerWindowCalculationSpec.m; sourceTree = "<group>"; };
		2D20F00C1CD18ED7003DDA5B /* SpectacleLeftHalfWindowCalculationSpec.m */ = {isa = PBXFileReference; fileEncoding = 4; lastKnownFileType = sourcecode.c.objc; path = SpectacleLeftHalfWindowCalculationSpec.m; sourceTree = "<group>"; };
		2D20F00D1CD18ED7003DDA5B /* SpectacleLowerLeftWindowCalculationSpec.m */ = {isa = PBXFileReference; fileEncoding = 4; lastKnownFileType = sourcecode.c.objc; path = SpectacleLowerLeftWindowCalculationSpec.m; sourceTree = "<group>"; };
		2D20F00E1CD18ED7003DDA5B /* SpectacleRightHalfWindowCalculationSpec.m */ = {isa = PBXFileReference; fileEncoding = 4; lastKnownFileType = sourcecode.c.objc; path = SpectacleRightHalfWindowCalculationSpec.m; sourceTree = "<group>"; };
		2D20F00F1CD18ED7003DDA5B /* SpectacleSmallerWindowCalculationSpec.m */ = {isa = PBXFileReference; fileEncoding = 4; lastKnownFileType = sourcecode.c.objc; path = SpectacleSmallerWindowCalculationSpec.m; sourceTree = "<group>"; };
		2D20F0101CD18ED7003DDA5B /* SpectacleTopHalfWindowCalculationSpec.m */ = {isa = PBXFileReference; fileEncoding = 4; lastKnownFileType = sourcecode.c.objc; path = SpectacleTopHalfWindowCalculationSpec.m; sourceTree = "<group>"; };
		2D20F0111CD18ED7003DDA5B /* SpectacleUpperLeftWindowCalculationSpec.m */ = {isa = PBXFileReference; fileEncoding = 4; lastKnownFileType = sourcecode.c.objc; path = SpectacleUpperLeftWindowCalculationSpec.m; sourceTree = "<group>"; };
		2D20F0121CD18ED7003DDA5B /* SpectacleUpperRightWindowCalculationSpec.m */ = {isa = PBXFileReference; fileEncoding = 4; lastKnownFileType = sourcecode.c.objc; path = SpectacleUpperRightWindowCalculationSpec.m; sourceTree = "<group>"; };
		2D20F0131CD18ED7003DDA5B /* SpectacleLowerRightWindowCalculationSpec.m */ = {isa = PBXFileReference; fileEncoding = 4; lastKnownFileType = sourcecode.c.objc; path = SpectacleLowerRightWindowCalculationSpec.m; sourceTree = "<group>"; };
		2D20F0141CD18ED7003DDA5B /* SpectacleNextThirdWindowCalculationSpec.m */ = {isa = PBXFileReference; fileEncoding = 4; lastKnownFileType = sourcecode.c.objc; path = SpectacleNextThirdWindowCalculationSpec.m; sourceTree = "<group>"; };
		2D20F0151CD18ED7003DDA5B /* SpectaclePreviousThirdWindowCalculationSpec.m */ = {isa = PBXFileReference; fileEncoding = 4; lastKnownFileType = sourcecode.c.objc; path = SpectaclePreviousThirdWindowCalculationSpec.m; sourceTree = "<group>"; };
		2D20F0161CD18ED7003DDA5B /* SpectacleWindowPositionManagerSpec.m */ = {isa = PBXFileReference; fileEncoding = 4; lastKnownFileType = sourcecode.c.objc; path = SpectacleWindowPositionManagerSpec.m; sourceTree = "<group>"; };
		2D20F0171CD18ED7003DDA5B /* SpectacleScreenDetectorSpec.m */ = {isa = PBXFileReference; fileEncoding = 4; lastKnownFileType = sourcecode.c.objc; path = SpectacleScreenDetectorSpec.m; sourceTree = "<group>"; };
		2D2C0E1D14854A4300D9B765 /* SpectacleShortcut.m */ = {isa = PBXFileReference; fileEncoding = 4; lastKnownFileType = sourcecode.c.objc; name = SpectacleShortcut.m; path = Sources/SpectacleShortcut.m; sourceTree = "<group>"; };
		2D2C0E1F14854ADB00D9B765 /* SpectacleShortcut.h */ = {isa = PBXFileReference; fileEncoding = 4; lastKnownFileType = sourcecode.c.h; name = SpectacleShortcut.h; path = Sources/SpectacleShortcut.h; sourceTree = "<group>"; };
		2D340B491E6B33510043BC98 /* SpectacleWindowPositionManager.m */ = {isa = PBXFileReference; fileEncoding = 4; lastKnownFileType = sourcecode.c.objc; name = SpectacleWindowPositionManager.m; path = Sources/SpectacleWindowPositionManager.m; sourceTree = "<group>"; };
		2D340B4C1E6B35940043BC98 /* SpectacleWindowPositionManager.h */ = {isa = PBXFileReference; fileEncoding = 4; lastKnownFileType = sourcecode.c.h; name = SpectacleWindowPositionManager.h; path = Sources/SpectacleWindowPositionManager.h; sourceTree = "<group>"; };
		2D3574F315A1E0C6001EBDFE /* SpectacleShortcutRecorder.m */ = {isa = PBXFileReference; fileEncoding = 4; lastKnownFileType = sourcecode.c.objc; name = SpectacleShortcutRecorder.m; path = Sources/SpectacleShortcutRecorder.m; sourceTree = "<group>"; };
		2D3574F415A1E0C7001EBDFE /* SpectacleShortcutRecorder.h */ = {isa = PBXFileReference; fileEncoding = 4; lastKnownFileType = sourcecode.c.h; name = SpectacleShortcutRecorder.h; path = Sources/SpectacleShortcutRecorder.h; sourceTree = "<group>"; };
		2D3F54D91C6FED2200F07960 /* SpectacleWindowAction.m */ = {isa = PBXFileReference; fileEncoding = 4; lastKnownFileType = sourcecode.c.objc; name = SpectacleWindowAction.m; path = Sources/SpectacleWindowAction.m; sourceTree = "<group>"; };
		2D3F54DA1C6FED2300F07960 /* SpectacleWindowAction.h */ = {isa = PBXFileReference; fileEncoding = 4; lastKnownFileType = sourcecode.c.h; name = SpectacleWindowAction.h; path = Sources/SpectacleWindowAction.h; sourceTree = "<group>"; };
		2D3FA9CD14D12C5400FBA092 /* SpectacleShortcutManager.m */ = {isa = PBXFileReference; fileEncoding = 4; lastKnownFileType = sourcecode.c.objc; name = SpectacleShortcutManager.m; path = Sources/SpectacleShortcutManager.m; sourceTree = "<group>"; };
		2D3FA9CE14D12C5400FBA092 /* SpectacleShortcutManager.h */ = {isa = PBXFileReference; fileEncoding = 4; lastKnownFileType = sourcecode.c.h; name = SpectacleShortcutManager.h; path = Sources/SpectacleShortcutManager.h; sourceTree = "<group>"; };
		2D40E5651C70C71B00FFA59A /* SpectacleWindowPositionCalculator.m */ = {isa = PBXFileReference; fileEncoding = 4; lastKnownFileType = sourcecode.c.objc; name = SpectacleWindowPositionCalculator.m; path = Sources/SpectacleWindowPositionCalculator.m; sourceTree = "<group>"; };
		2D40E5681C70C71B00FFA59A /* SpectacleWindowPositionCalculator.h */ = {isa = PBXFileReference; fileEncoding = 4; lastKnownFileType = sourcecode.c.h; name = SpectacleWindowPositionCalculator.h; path = Sources/SpectacleWindowPositionCalculator.h; sourceTree = "<group>"; };
		2D40E5741C70C83F00FFA59A /* SpectacleWindowPositionCalculationResult.m */ = {isa = PBXFileReference; fileEncoding = 4; lastKnownFileType = sourcecode.c.objc; name = SpectacleWindowPositionCalculationResult.m; path = Sources/SpectacleWindowPositionCalculationResult.m; sourceTree = "<group>"; };
		2D40E5771C70C83F00FFA59A /* SpectacleWindowPositionCalculationResult.h */ = {isa = PBXFileReference; fileEncoding = 4; lastKnownFileType = sourcecode.c.objc; name = SpectacleWindowPositionCalculationResult.h; path = Sources/SpectacleWindowPositionCalculationResult.h; sourceTree = "<group>"; };
		2D461B3A16B02D280002C869 /* SpectacleScreenDetectionResult.m */ = {isa = PBXFileReference; fileEncoding = 4; lastKnownFileType = sourcecode.c.objc; name = SpectacleScreenDetectionResult.m; path = Sources/SpectacleScreenDetectionResult.m; sourceTree = "<group>"; };
		2D461B3B16B02D290002C869 /* SpectacleScreenDetectionResult.h */ = {isa = PBXFileReference; fileEncoding = 4; lastKnownFileType = sourcecode.c.h; name = SpectacleScreenDetectionResult.h; path = Sources/SpectacleScreenDetectionResult.h; sourceTree = "<group>"; };
		2D5028DD14D2CD3600673C9A /* SpectacleLoginItemHelper.m */ = {isa = PBXFileReference; fileEncoding = 4; lastKnownFileType = sourcecode.c.objc; name = SpectacleLoginItemHelper.m; path = Sources/SpectacleLoginItemHelper.m; sourceTree = "<group>"; };
		2D5028DE14D2CD3700673C9A /* SpectacleLoginItemHelper.h */ = {isa = PBXFileReference; fileEncoding = 4; lastKnownFileType = sourcecode.c.h; name = SpectacleLoginItemHelper.h; path = Sources/SpectacleLoginItemHelper.h; sourceTree = "<group>"; };
		2D55E6371490EB7D00DE7E1E /* SpectacleShortcutUserDefaultsStorage.m */ = {isa = PBXFileReference; fileEncoding = 4; lastKnownFileType = sourcecode.c.objc; name = SpectacleShortcutUserDefaultsStorage.m; path = Sources/SpectacleShortcutUserDefaultsStorage.m; sourceTree = "<group>"; };
		2D55E63A1490EB9D00DE7E1E /* SpectacleShortcutUserDefaultsStorage.h */ = {isa = PBXFileReference; fileEncoding = 4; lastKnownFileType = sourcecode.c.h; name = SpectacleShortcutUserDefaultsStorage.h; path = Sources/SpectacleShortcutUserDefaultsStorage.h; sourceTree = "<group>"; };
		2D5D1AEA1E6BEB4500E12E5B /* SpectacleBestEffortWindowMover.m */ = {isa = PBXFileReference; fileEncoding = 4; lastKnownFileType = sourcecode.c.objc; name = SpectacleBestEffortWindowMover.m; path = Sources/SpectacleBestEffortWindowMover.m; sourceTree = "<group>"; };
		2D5D1AEB1E6BEB4600E12E5B /* SpectacleBestEffortWindowMover.h */ = {isa = PBXFileReference; fileEncoding = 4; lastKnownFileType = sourcecode.c.h; name = SpectacleBestEffortWindowMover.h; path = Sources/SpectacleBestEffortWindowMover.h; sourceTree = "<group>"; };
		2D5D1AED1E6BED3E00E12E5B /* SpectacleStandardWindowMover.m */ = {isa = PBXFileReference; fileEncoding = 4; lastKnownFileType = sourcecode.c.objc; name = SpectacleStandardWindowMover.m; path = Sources/SpectacleStandardWindowMover.m; sourceTree = "<group>"; };
		2D5D1AEE1E6BED3F00E12E5B /* SpectacleStandardWindowMover.h */ = {isa = PBXFileReference; fileEncoding = 4; lastKnownFileType = sourcecode.c.h; name = SpectacleStandardWindowMover.h; path = Sources/SpectacleStandardWindowMover.h; sourceTree = "<group>"; };
		2D5D1AF01E6BED5600E12E5B /* SpectacleQuantizedWindowMover.m */ = {isa = PBXFileReference; fileEncoding = 4; lastKnownFileType = sourcecode.c.objc; name = SpectacleQuantizedWindowMover.m; path = Sources/SpectacleQuantizedWindowMover.m; sourceTree = "<group>"; };
		2D5D1AF11E6BED5700E12E5B /* SpectacleQuantizedWindowMover.h */ = {isa = PBXFileReference; fileEncoding = 4; lastKnownFileType = sourcecode.c.h; name = SpectacleQuantizedWindowMover.h; path = Sources/SpectacleQuantizedWindowMover.h; sourceTree = "<group>"; };
		2D6C449814C4B2F0005F7FB2 /* SpectacleShortcutValidation.m */ = {isa = PBXFileReference; fileEncoding = 4; lastKnownFileType = sourcecode.c.objc; name = SpectacleShortcutValidation.m; path = Sources/SpectacleShortcutValidation.m; sourceTree = "<group>"; };
		2D6C449914C4B2F1005F7FB2 /* SpectacleShortcutValidation.h */ = {isa = PBXFileReference; fileEncoding = 4; lastKnownFileType = sourcecode.c.h; name = SpectacleShortcutValidation.h; path = Sources/SpectacleShortcutValidation.h; sourceTree = "<group>"; };
		2D79E35215A0A19500D43DDB /* SpectacleShortcutHolder.m */ = {isa = PBXFileReference; fileEncoding = 4; lastKnownFileType = sourcecode.c.objc; name = SpectacleShortcutHolder.m; path = Sources/SpectacleShortcutHolder.m; sourceTree = "<group>"; };
		2D79E35315A0A19500D43DDB /* SpectacleShortcutHolder.h */ = {isa = PBXFileReference; fileEncoding = 4; lastKnownFileType = sourcecode.c.h; name = SpectacleShortcutHolder.h; path = Sources/SpectacleShortcutHolder.h; sourceTree = "<group>"; };
		2D9DC4021C7178FA00ADAC84 /* SpectacleHistory.m */ = {isa = PBXFileReference; fileEncoding = 4; lastKnownFileType = sourcecode.c.objc; name = SpectacleHistory.m; path = Sources/SpectacleHistory.m; sourceTree = "<group>"; };
		2D9DC4031C7178FB00ADAC84 /* SpectacleHistory.h */ = {isa = PBXFileReference; fileEncoding = 4; lastKnownFileType = sourcecode.c.h; name = SpectacleHistory.h; path = Sources/SpectacleHistory.h; sourceTree = "<group>"; };
		2D9DC4051C717E7F00ADAC84 /* SpectacleHistoryItem.m */ = {isa = PBXFileReference; fileEncoding = 4; lastKnownFileType = sourcecode.c.objc; name = SpectacleHistoryItem.m; path = Sources/SpectacleHistoryItem.m; sourceTree = "<group>"; };
		2D9DC4061C717E8000ADAC84 /* SpectacleHistoryItem.h */ = {isa = PBXFileReference; fileEncoding = 4; lastKnownFileType = sourcecode.c.h; name = SpectacleHistoryItem.h; path = Sources/SpectacleHistoryItem.h; sourceTree = "<group>"; };
		2DA5B7CB19F8BA79007EDE8E /* SpectacleSpecs.xctest */ = {isa = PBXFileReference; explicitFileType = wrapper.cfbundle; includeInIndex = 0; path = SpectacleSpecs.xctest; sourceTree = BUILT_PRODUCTS_DIR; };
		2DAF47B71A0AE5D2000E6BBF /* SpectacleJavaScriptEnvironment.m */ = {isa = PBXFileReference; fileEncoding = 4; lastKnownFileType = sourcecode.c.objc; name = SpectacleJavaScriptEnvironment.m; path = Sources/SpectacleJavaScriptEnvironment.m; sourceTree = "<group>"; };
		2DAF47B81A0AE5D2000E6BBF /* SpectacleJavaScriptEnvironment.h */ = {isa = PBXFileReference; fileEncoding = 4; lastKnownFileType = sourcecode.c.h; name = SpectacleJavaScriptEnvironment.h; path = Sources/SpectacleJavaScriptEnvironment.h; sourceTree = "<group>"; };
		2DB4A4B71C73F9DB0051A7E6 /* SpectacleScreenDetector.m */ = {isa = PBXFileReference; fileEncoding = 4; lastKnownFileType = sourcecode.c.objc; name = SpectacleScreenDetector.m; path = Sources/SpectacleScreenDetector.m; sourceTree = "<group>"; };
		2DB4A4B81C73F9DC0051A7E6 /* SpectacleScreenDetector.h */ = {isa = PBXFileReference; fileEncoding = 4; lastKnownFileType = sourcecode.c.h; name = SpectacleScreenDetector.h; path = Sources/SpectacleScreenDetector.h; sourceTree = "<group>"; };
		2DC8BA4414C88ABD00A1E6B1 /* SpectacleUtilities.m */ = {isa = PBXFileReference; fileEncoding = 4; lastKnownFileType = sourcecode.c.objc; name = SpectacleUtilities.m; path = Sources/SpectacleUtilities.m; sourceTree = "<group>"; };
		2DC8BA4514C88ABE00A1E6B1 /* SpectacleUtilities.h */ = {isa = PBXFileReference; fileEncoding = 4; lastKnownFileType = sourcecode.c.h; name = SpectacleUtilities.h; path = Sources/SpectacleUtilities.h; sourceTree = "<group>"; };
		2DD1AC091E6E5F6800F6B3F6 /* SpectacleMigratingShortcutStorage.m */ = {isa = PBXFileReference; fileEncoding = 4; lastKnownFileType = sourcecode.c.objc; name = SpectacleMigratingShortcutStorage.m; path = Sources/SpectacleMigratingShortcutStorage.m; sourceTree = "<group>"; };
		2DD1AC0A1E6E5F6800F6B3F6 /* SpectacleMigratingShortcutStorage.h */ = {isa = PBXFileReference; fileEncoding = 4; lastKnownFileType = sourcecode.c.h; name = SpectacleMigratingShortcutStorage.h; path = Sources/SpectacleMigratingShortcutStorage.h; sourceTree = "<group>"; };
		2DD52F201DEB5CDD00FC4CC8 /* SpectacleShortcutJSONStorage.m */ = {isa = PBXFileReference; fileEncoding = 4; lastKnownFileType = sourcecode.c.objc; name = SpectacleShortcutJSONStorage.m; path = Sources/SpectacleShortcutJSONStorage.m; sourceTree = "<group>"; };
		2DD52F211DEB5CDD00FC4CC8 /* SpectacleShortcutJSONStorage.h */ = {isa = PBXFileReference; fileEncoding = 4; lastKnownFileType = sourcecode.c.objc; name = SpectacleShortcutJSONStorage.h; path = Sources/SpectacleShortcutJSONStorage.h; sourceTree = "<group>"; };
		2DE01C871487B91800C0F9BD /* SpectacleAccessibilityElement.m */ = {isa = PBXFileReference; fileEncoding = 4; lastKnownFileType = sourcecode.c.objc; name = SpectacleAccessibilityElement.m; path = Sources/SpectacleAccessibilityElement.m; sourceTree = "<group>"; };
		2DE01C881487B91800C0F9BD /* SpectacleAccessibilityElement.h */ = {isa = PBXFileReference; fileEncoding = 4; lastKnownFileType = sourcecode.c.h; name = SpectacleAccessibilityElement.h; path = Sources/SpectacleAccessibilityElement.h; sourceTree = "<group>"; };
		2DE0C58114BB8B3E0004D617 /* SpectacleDefaultShortcutHelpers.m */ = {isa = PBXFileReference; fileEncoding = 4; lastKnownFileType = sourcecode.c.objc; name = SpectacleDefaultShortcutHelpers.m; path = Sources/SpectacleDefaultShortcutHelpers.m; sourceTree = "<group>"; };
		2DE0C58214BB8B3F0004D617 /* SpectacleDefaultShortcutHelpers.h */ = {isa = PBXFileReference; fileEncoding = 4; lastKnownFileType = sourcecode.c.h; name = SpectacleDefaultShortcutHelpers.h; path = Sources/SpectacleDefaultShortcutHelpers.h; sourceTree = "<group>"; };
		2D1AE52415D715F400EAC5BD /* SpectacleRegisteredShortcutValidator.m */ = {isa = PBXFileReference; fileEncoding = 4; lastKnownFileType = sourcecode.c.objc; name = SpectacleRegisteredShortcutValidator.m; path = Sources/SpectacleRegisteredShortcutValidator.m; sourceTree = "<group>"; };
		2DEEA3A51500E3990034A14D /* SpectacleShortcutTranslations.m */ = {isa = PBXFileReference; fileEncoding = 4; lastKnownFileType = sourcecode.c.objc; name = SpectacleShortcutTranslations.m; path = Sources/SpectacleShortcutTranslations.m; sourceTree = "<group>"; };
		2DEEA3A61500E39A0034A14D /* SpectacleShortcutTranslations.h */ = {isa = PBXFileReference; fileEncoding = 4; lastKnownFileType = sourcecode.c.h; name = SpectacleShortcutTranslations.h; path = Sources/SpectacleShortcutTranslations.h; sourceTree = "<group>"; };
		2DF27D8514C4697D00C43B98 /* SpectacleShortcutKeyBindings.m */ = {isa = PBXFileReference; fileEncoding = 4; lastKnownFileType = sourcecode.c.objc; name = SpectacleShortcutKeyBindings.m; path = Sources/SpectacleShortcutKeyBindings.m; sourceTree = "<group>"; };
		2DF27D8614C4697E00C43B98 /* SpectacleShortcutKeyBindings.h */ = {isa = PBXFileReference; fileEncoding = 4; lastKnownFileType = sourcecode.c.h; name = SpectacleShortcutKeyBindings.h; path = Sources/SpectacleShortcutKeyBindings.h; sourceTree = "<group>"; };
		2DD52F201DEB5CDD00FC4CC8 /* SpectacleShortcutJSONStorage.m */ = {isa = PBXFileReference; fileEncoding = 4; lastKnownFileType = sourcecode.c.objc; name = SpectacleShortcutJSONStorage.m; path = Sources/SpectacleShortcutJSONStorage.m; sourceTree = "<group>"; };
		D0C5AD76198B28540057E4A4 /* SpectacleAppDelegate.m */ = {isa = PBXFileReference; fileEncoding = 4; lastKnownFileType = sourcecode.c.objc; name = SpectacleAppDelegate.m; path = Sources/SpectacleAppDelegate.m; sourceTree = "<group>"; };
		D0C5AD77198B28540057E4A4 /* SpectacleAppDelegate.h */ = {isa = PBXFileReference; fileEncoding = 4; lastKnownFileType = sourcecode.c.h; name = SpectacleAppDelegate.h; path = Sources/SpectacleAppDelegate.h; sourceTree = "<group>"; };
		2D5028DD14D2CD3600673C9A /* SpectacleLoginItemHelper.m */ = {isa = PBXFileReference; fileEncoding = 4; lastKnownFileType = sourcecode.c.objc; name = SpectacleLoginItemHelper.m; path = Sources/SpectacleLoginItemHelper.m; sourceTree = "<group>"; };
/* End PBXFileReference section */

/* Begin PBXFrameworksBuildPhase section */
		1DBD214008BA80EA00186707 /* Frameworks */ = {
			isa = PBXFrameworksBuildPhase;
			buildActionMask = 2147483647;
			files = (
			);
			runOnlyForDeploymentPostprocessing = 0;
		};
		2DA5B7C819F8BA79007EDE8E /* Frameworks */ = {
			isa = PBXFrameworksBuildPhase;
			buildActionMask = 2147483647;
			files = (
			);
			runOnlyForDeploymentPostprocessing = 0;
		};
/* End PBXFrameworksBuildPhase section */

/* Begin PBXGroup section */
		1DBD208708BA7EB900186707 /* Products */ = {
			isa = PBXGroup;
			children = (
				1DBD214308BA80EA00186707 /* Spectacle.app */,
				2DA5B7CB19F8BA79007EDE8E /* SpectacleSpecs.xctest */,
			);
			name = Products;
			sourceTree = "<group>";
		};
		1DBD208808BA7EB900186707 = {
			isa = PBXGroup;
			children = (
				2D1E1ACB147E06AD0021D73D /* Spectacle */,
				2DA5B7CA19F8BA79007EDE8E /* SpectacleSpecs */,
				1DBD208708BA7EB900186707 /* Products */,
			);
			sourceTree = "<group>";
		};
		2D1E1ACB147E06AD0021D73D /* Spectacle */ = {
			isa = PBXGroup;
			children = (
				2DE01C871487B91800C0F9BD /* SpectacleAccessibilityElement.m */,
				2DE01C881487B91800C0F9BD /* SpectacleAccessibilityElement.h */,
				D0C5AD76198B28540057E4A4 /* SpectacleAppDelegate.m */,
				D0C5AD77198B28540057E4A4 /* SpectacleAppDelegate.h */,
				2D5D1AEA1E6BEB4500E12E5B /* SpectacleBestEffortWindowMover.m */,
				2D5D1AEB1E6BEB4600E12E5B /* SpectacleBestEffortWindowMover.h */,
				2DE0C58114BB8B3E0004D617 /* SpectacleDefaultShortcutHelpers.m */,
				2DE0C58214BB8B3F0004D617 /* SpectacleDefaultShortcutHelpers.h */,
				2D9DC4021C7178FA00ADAC84 /* SpectacleHistory.m */,
				2D9DC4031C7178FB00ADAC84 /* SpectacleHistory.h */,
				2D9DC4051C717E7F00ADAC84 /* SpectacleHistoryItem.m */,
				2D9DC4061C717E8000ADAC84 /* SpectacleHistoryItem.h */,
				2DAF47B71A0AE5D2000E6BBF /* SpectacleJavaScriptEnvironment.m */,
				2DAF47B81A0AE5D2000E6BBF /* SpectacleJavaScriptEnvironment.h */,
				2D5028DD14D2CD3600673C9A /* SpectacleLoginItemHelper.m */,
				2D5028DE14D2CD3700673C9A /* SpectacleLoginItemHelper.h */,
				2D0759A61C71746500A17E80 /* SpectacleWindowPositionCalculationRegistry.m */,
				2D0759A81C717F0900A17E80 /* SpectacleWindowPositionCalculationRegistry.h */,
				2DE01C8A1487B93700C0F9BD /* SpectacleMacros.h */,
				2DD1AC091E6E5F6800F6B3F6 /* SpectacleMigratingShortcutStorage.m */,
				2DD1AC0A1E6E5F6800F6B3F6 /* SpectacleMigratingShortcutStorage.h */,
				07838602148BD517001E7BD7 /* SpectaclePreferencesController.m */,
				07838603148BD517001E7BD7 /* SpectaclePreferencesController.h */,
				2D5D1AF01E6BED5600E12E5B /* SpectacleQuantizedWindowMover.m */,
				2D5D1AF11E6BED5700E12E5B /* SpectacleQuantizedWindowMover.h */,
				2D1AE52415D715F400EAC5BD /* SpectacleRegisteredShortcutValidator.m */,
				2D1AE52615D716AF00EAC5BD /* SpectacleRegisteredShortcutValidator.h */,
				2D461B3A16B02D280002C869 /* SpectacleScreenDetectionResult.m */,
				2D461B3B16B02D290002C869 /* SpectacleScreenDetectionResult.h */,
				2DB4A4B71C73F9DB0051A7E6 /* SpectacleScreenDetector.m */,
				2DB4A4B81C73F9DC0051A7E6 /* SpectacleScreenDetector.h */,
				2D2C0E1D14854A4300D9B765 /* SpectacleShortcut.m */,
				2D2C0E1F14854ADB00D9B765 /* SpectacleShortcut.h */,
				2D79E35215A0A19500D43DDB /* SpectacleShortcutHolder.m */,
				2D79E35315A0A19500D43DDB /* SpectacleShortcutHolder.h */,
				2DD52F201DEB5CDD00FC4CC8 /* SpectacleShortcutJSONStorage.m */,
				2DD52F211DEB5CDD00FC4CC8 /* SpectacleShortcutJSONStorage.h */,
				2DF27D8514C4697D00C43B98 /* SpectacleShortcutKeyBindings.m */,
				2DF27D8614C4697E00C43B98 /* SpectacleShortcutKeyBindings.h */,
				2D3FA9CD14D12C5400FBA092 /* SpectacleShortcutManager.m */,
				2D3FA9CE14D12C5400FBA092 /* SpectacleShortcutManager.h */,
				2D3574F315A1E0C6001EBDFE /* SpectacleShortcutRecorder.m */,
				2D3574F415A1E0C7001EBDFE /* SpectacleShortcutRecorder.h */,
				2D6C449814C4B2F0005F7FB2 /* SpectacleShortcutValidation.m */,
				2D6C449914C4B2F1005F7FB2 /* SpectacleShortcutValidation.h */,
				2D55E6371490EB7D00DE7E1E /* SpectacleShortcutUserDefaultsStorage.m */,
				2D55E63A1490EB9D00DE7E1E /* SpectacleShortcutUserDefaultsStorage.h */,
				2DEEA3A51500E3990034A14D /* SpectacleShortcutTranslations.m */,
				2DEEA3A61500E39A0034A14D /* SpectacleShortcutTranslations.h */,
				2D6C449814C4B2F0005F7FB2 /* SpectacleShortcutValidation.m */,
				2D6C449914C4B2F1005F7FB2 /* SpectacleShortcutValidation.h */,
				2D5D1AED1E6BED3E00E12E5B /* SpectacleStandardWindowMover.m */,
				2D5D1AEE1E6BED3F00E12E5B /* SpectacleStandardWindowMover.h */,
				2DC8BA4414C88ABD00A1E6B1 /* SpectacleUtilities.m */,
				2DC8BA4514C88ABE00A1E6B1 /* SpectacleUtilities.h */,
				2D3F54D91C6FED2200F07960 /* SpectacleWindowAction.m */,
				2D3F54DA1C6FED2300F07960 /* SpectacleWindowAction.h */,
				2D340B491E6B33510043BC98 /* SpectacleWindowPositionManager.m */,
				2D340B4C1E6B35940043BC98 /* SpectacleWindowPositionManager.h */,
				2D40E5651C70C71B00FFA59A /* SpectacleWindowPositionCalculator.m */,
				2D40E5681C70C71B00FFA59A /* SpectacleWindowPositionCalculator.h */,
				2D40E5741C70C83F00FFA59A /* SpectacleWindowPositionCalculationResult.m */,
				2D40E5771C70C83F00FFA59A /* SpectacleWindowPositionCalculationResult.h */,
				2D5028DD14D2CD3600673C9A /* SpectacleLoginItemHelper.m */,
				2D5028DE14D2CD3700673C9A /* SpectacleLoginItemHelper.h */,
				2D1E1ACA147E06AD0021D73D /* Resources */,
				2D1E1AD0147E06AD0021D73D /* Supporting Files */,
			);
			name = Spectacle;
			sourceTree = "<group>";
		};
		2D1E1ACA147E06AD0021D73D /* Resources */ = {
			isa = PBXGroup;
			children = (
			);
			name = Resources;
			sourceTree = "<group>";
		};
		2D1E1AD0147E06AD0021D73D /* Supporting Files */ = {
			isa = PBXGroup;
			children = (
			);
			name = "Supporting Files";
			sourceTree = "<group>";
		};
		2DA5B7CA19F8BA79007EDE8E /* SpectacleSpecs */ = {
			isa = PBXGroup;
			children = (
				2D20F0081CD18ED7003DDA5B /* SpectacleBottomHalfWindowCalculationSpec.m */,
				2D20F0091CD18ED7003DDA5B /* SpectacleCenterWindowCalculationSpec.m */,
				2D20F00A1CD18ED7003DDA5B /* SpectacleFullscreenWindowCalculationSpec.m */,
				2D20F00B1CD18ED7003DDA5B /* SpectacleLargerWindowCalculationSpec.m */,
				2D20F00C1CD18ED7003DDA5B /* SpectacleLeftHalfWindowCalculationSpec.m */,
				2D20F00D1CD18ED7003DDA5B /* SpectacleLowerLeftWindowCalculationSpec.m */,
				2D20F00E1CD18ED7003DDA5B /* SpectacleRightHalfWindowCalculationSpec.m */,
				2D20F00F1CD18ED7003DDA5B /* SpectacleSmallerWindowCalculationSpec.m */,
				2D20F0101CD18ED7003DDA5B /* SpectacleTopHalfWindowCalculationSpec.m */,
				2D20F0111CD18ED7003DDA5B /* SpectacleUpperLeftWindowCalculationSpec.m */,
				2D20F0121CD18ED7003DDA5B /* SpectacleUpperRightWindowCalculationSpec.m */,
				2D20F0131CD18ED7003DDA5B /* SpectacleLowerRightWindowCalculationSpec.m */,
				2D20F0141CD18ED7003DDA5B /* SpectacleNextThirdWindowCalculationSpec.m */,
				2D20F0151CD18ED7003DDA5B /* SpectaclePreviousThirdWindowCalculationSpec.m */,
				2D20F0161CD18ED7003DDA5B /* SpectacleWindowPositionManagerSpec.m */,
				2D20F0171CD18ED7003DDA5B /* SpectacleScreenDetectorSpec.m */,
			);
			name = SpectacleSpecs;
			sourceTree = "<group>";
		};
/* End PBXGroup section */

/* Begin PBXNativeTarget section */
		1DBD214208BA80EA00186707 /* Spectacle */ = {
			isa = PBXNativeTarget;
			buildConfigurationList = 2D1E1ACE147E06AD0021D73D /* Build configuration list for PBXNativeTarget "Spectacle" */;
			buildPhases = (
				1DBD213F08BA80EA00186707 /* Sources */,
				1DBD214008BA80EA00186707 /* Frameworks */,
				1DBD214108BA80EA00186707 /* CopyFiles */,
			);
			buildRules = (
			);
			dependencies = (
			);
			name = Spectacle;
			productName = Spectacle;
			productReference = 1DBD214308BA80EA00186707 /* Spectacle.app */;
			productType = "com.apple.product-type.application";
		};
		2DA5B7C919F8BA79007EDE8E /* SpectacleSpecs */ = {
			isa = PBXNativeTarget;
			buildConfigurationList = 2DA5B7D019F8BA79007EDE8E /* Build configuration list for PBXNativeTarget "SpectacleSpecs" */;
			buildPhases = (
				2DA5B7C619F8BA79007EDE8E /* Sources */,
				2DA5B7C819F8BA79007EDE8E /* Frameworks */,
			);
			buildRules = (
			);
			dependencies = (
				2DA5B7CD19F8BA79007EDE8E /* PBXTargetDependency */,
			);
			name = SpectacleSpecs;
			productName = SpectacleSpecs;
			productReference = 2DA5B7CB19F8BA79007EDE8E /* SpectacleSpecs.xctest */;
			productType = "com.apple.product-type.bundle.unit-test";
		};
/* End PBXNativeTarget section */

/* Begin PBXProject section */
		1DBD208908BA7EB900186707 /* Project object */ = {
			isa = PBXProject;
			attributes = {
				LastUpgradeCheck = 0930;
				ORGANIZATIONNAME = "Divisible by Zero";
				TargetAttributes = {
					1DBD214208BA80EA00186707 = {
						CreatedOnToolsVersion = 3.2.4;
						LastSwiftMigration = 0930;
					};
					2DA5B7C919F8BA79007EDE8E = {
						CreatedOnToolsVersion = 6.2;
						LastSwiftMigration = 0930;
					};
				};
			};
			buildConfigurationList = 1DBD214C08BA80EA00186707 /* Build configuration list for PBXProject "Spectacle" */;
			compatibilityVersion = "Xcode 3.2";
			developmentRegion = English;
			hasScannedForEncodings = 0;
			knownRegions = (
				en,
			);
			mainGroup = 1DBD208808BA7EB900186707;
			productRefGroup = 1DBD208708BA7EB900186707 /* Products */;
			projectDirPath = "";
			projectRoot = "";
			targets = (
				1DBD214208BA80EA00186707 /* Spectacle */,
				2DA5B7C919F8BA79007EDE8E /* SpectacleSpecs */,
			);
		};
/* End PBXProject section */

/* Begin PBXShellScriptBuildPhase section */
		1DBD214108BA80EA00186707 /* CopyFiles */ = {
			isa = PBXShellScriptBuildPhase;
			buildActionMask = 2147483647;
			files = (
			);
			inputPaths = (
			);
			name = CopyFiles;
			outputPaths = (
			);
			runOnlyForDeploymentPostprocessing = 1;
			shellPath = /bin/sh;
			shellScript = "cp -r \"${BUILT_PRODUCTS_DIR}/${FRAMEWORKS_FOLDER_PATH}/\" \"${TARGET_BUILD_DIR}/${WRAPPER_NAME}/Contents/Frameworks/\"\n";
		};
/* End PBXShellScriptBuildPhase section */

/* Begin PBXSourcesBuildPhase section */
		1DBD213F08BA80EA00186707 /* Sources */ = {
			isa = PBXSourcesBuildPhase;
			buildActionMask = 2147483647;
			files = (
				2DE01C881487B91800C0F9BD /* SpectacleAccessibilityElement.m in Sources */,
				D0C5AD77198B28540057E4A4 /* SpectacleAppDelegate.m in Sources */,
				2D5D1AEB1E6BEB4500E12E5B /* SpectacleBestEffortWindowMover.m in Sources */,
				2DE0C58214BB8B3E0004D617 /* SpectacleDefaultShortcutHelpers.m in Sources */,
				2D9DC4031C7178FA00ADAC84 /* SpectacleHistory.m in Sources */,
				2D9DC4061C717E7F00ADAC84 /* SpectacleHistoryItem.m in Sources */,
				2DAF47B81A0AE5D2000E6BBF /* SpectacleJavaScriptEnvironment.m in Sources */,
				2D5028DE14D2CD3600673C9A /* SpectacleLoginItemHelper.m in Sources */,
				2DD1AC0A1E6E5F6800F6B3F6 /* SpectacleMigratingShortcutStorage.m in Sources */,
				07838603148BD517001E7BD7 /* SpectaclePreferencesController.m in Sources */,
				2D5D1AF11E6BED5600E12E5B /* SpectacleQuantizedWindowMover.m in Sources */,
				2D1AE52515D715F400EAC5BD /* SpectacleRegisteredShortcutValidator.m in Sources */,
				2D461B3B16B02D280002C869 /* SpectacleScreenDetectionResult.m in Sources */,
				2DB4A4B81C73F9DB0051A7E6 /* SpectacleScreenDetector.m in Sources */,
				2D2C0E1E14854A4300D9B765 /* SpectacleShortcut.m in Sources */,
				2D79E35315A0A19500D43DDB /* SpectacleShortcutHolder.m in Sources */,
				2DD52F211DEB5CDD00FC4CC8 /* SpectacleShortcutJSONStorage.m in Sources */,
				2DF27D8614C4697D00C43B98 /* SpectacleShortcutKeyBindings.m in Sources */,
				2D3FA9CE14D12C5400FBA092 /* SpectacleShortcutManager.m in Sources */,
				2D3574F415A1E0C6001EBDFE /* SpectacleShortcutRecorder.m in Sources */,
				2DEEA3A61500E3990034A14D /* SpectacleShortcutTranslations.m in Sources */,
				2D55E6381490EB7D00DE7E1E /* SpectacleShortcutUserDefaultsStorage.m in Sources */,
				2D6C449914C4B2F0005F7FB2 /* SpectacleShortcutValidation.m in Sources */,
				2D5D1AEE1E6BED3E00E12E5B /* SpectacleStandardWindowMover.m in Sources */,
				2DC8BA4514C88ABD00A1E6B1 /* SpectacleUtilities.m in Sources */,
				2D3F54DA1C6FED2200F07960 /* SpectacleWindowAction.m in Sources */,
				2D340B4A1E6B33510043BC98 /* SpectacleWindowPositionManager.m in Sources */,
				2D40E5661C70C71B00FFA59A /* SpectacleWindowPositionCalculator.m in Sources */,
				2D40E5751C70C83F00FFA59A /* SpectacleWindowPositionCalculationResult.m in Sources */,
				2D0759A71C71746500A17E80 /* SpectacleWindowPositionCalculationRegistry.m in Sources */,
			);
			runOnlyForDeploymentPostprocessing = 0;
		};
		2DA5B7C619F8BA79007EDE8E /* Sources */ = {
			isa = PBXSourcesBuildPhase;
			buildActionMask = 2147483647;
			files = (
				2DE01C8A1487B93700C0F9BD /* SpectacleAccessibilityElement.m in Sources */,
				2D5D1AEC1E6BEB4500E12E5B /* SpectacleBestEffortWindowMover.m in Sources */,
				2DE0C58314BB8B3E0004D617 /* SpectacleDefaultShortcutHelpers.m in Sources */,
				2D9DC4041C7178FA00ADAC84 /* SpectacleHistory.m in Sources */,
				2D9DC4071C717E7F00ADAC84 /* SpectacleHistoryItem.m in Sources */,
				2DD1AC0B1E6E5F6800F6B3F6 /* SpectacleMigratingShortcutStorage.m in Sources */,
				2D5D1AF21E6BED5600E12E5B /* SpectacleQuantizedWindowMover.m in Sources */,
				2DEA08E114CA9D7600A01F16 /* SpectacleRegisteredShortcutValidator.m in Sources */,
				2D461B3C16B02D280002C869 /* SpectacleScreenDetectionResult.m in Sources */,
				2DB4A4B91C73F9DB0051A7E6 /* SpectacleScreenDetector.m in Sources */,
				2D2C0E2014854ACB00D9B765 /* SpectacleShortcut.m in Sources */,
				2D79E35415A0A19500D43DDB /* SpectacleShortcutHolder.m in Sources */,
				2DF8E4E91DC3A94800CA2CF3 /* SpectacleShortcutJSONStorage.m in Sources */,
				2DF27D8714C4697D00C43B98 /* SpectacleShortcutKeyBindings.m in Sources */,
				2DEEA3A71500E3990034A14D /* SpectacleShortcutTranslations.m in Sources */,
				2D6C449A14C4B2F0005F7FB2 /* SpectacleShortcutValidation.m in Sources */,
				2D5D1AEF1E6BED3E00E12E5B /* SpectacleStandardWindowMover.m in Sources */,
				2DC8BA4614C88ABD00A1E6B1 /* SpectacleUtilities.m in Sources */,
				2D3F54DB1C6FED2200F07960 /* SpectacleWindowAction.m in Sources */,
				2D340B4B1E6B33510043BC98 /* SpectacleWindowPositionManager.m in Sources */,
				2D40E5671C70C71B00FFA59A /* SpectacleWindowPositionCalculator.m in Sources */,
				2D40E5761C70C83F00FFA59A /* SpectacleWindowPositionCalculationResult.m in Sources */,
				2D40E5641C70C71B00FFA59A /* SpectacleWindowPositionCalculationRegistry.m in Sources */,
				2DA5B7D019F8BA79007EDE8E /* SpectacleWindowPositionManagerSpec.m in Sources */,
				2D20F0181CD18ED7003DDA5B /* SpectacleBottomHalfWindowCalculationSpec.m in Sources */,
				2D20F0191CD18ED7003DDA5B /* SpectacleCenterWindowCalculationSpec.m in Sources */,
				2D20F01A1CD18ED7003DDA5B /* SpectacleFullscreenWindowCalculationSpec.m in Sources */,
				2D20F01B1CD18ED7003DDA5B /* SpectacleLargerWindowCalculationSpec.m in Sources */,
				2D20F01C1CD18ED7003DDA5B /* SpectacleLeftHalfWindowCalculationSpec.m in Sources */,
				2D20F01D1CD18ED7003DDA5B /* SpectacleLowerLeftWindowCalculationSpec.m in Sources */,
				2D20F01E1CD18ED7003DDA5B /* SpectacleRightHalfWindowCalculationSpec.m in Sources */,
				2D20F01F1CD18ED7003DDA5B /* SpectacleSmallerWindowCalculationSpec.m in Sources */,
				2D20F0201CD18ED7003DDA5B /* SpectacleTopHalfWindowCalculationSpec.m in Sources */,
				2D20F0211CD18ED7003DDA5B /* SpectacleUpperLeftWindowCalculationSpec.m in Sources */,
				2D20F0221CD18ED7003DDA5B /* SpectacleUpperRightWindowCalculationSpec.m in Sources */,
				2D20F0231CD18ED7003DDA5B /* SpectacleLowerRightWindowCalculationSpec.m in Sources */,
				2D20F0241CD18ED7003DDA5B /* SpectacleNextThirdWindowCalculationSpec.m in Sources */,
				2D20F0251CD18ED7003DDA5B /* SpectaclePreviousThirdWindowCalculationSpec.m in Sources */,
				2D20F0261CD18ED7003DDA5B /* SpectacleWindowPositionManagerSpec.m in Sources */,
				2D20F0271CD18ED7003DDA5B /* SpectacleScreenDetectorSpec.m in Sources */,
			);
			runOnlyForDeploymentPostprocessing = 0;
		};
/* End PBXSourcesBuildPhase section */

/* Begin PBXTargetDependency section */
		2DA5B7CD19F8BA79007EDE8E /* PBXTargetDependency */ = {
			isa = PBXTargetDependency;
			target = 1DBD214208BA80EA00186707 /* Spectacle */;
			targetProxy = 2DA5B7CC19F8BA79007EDE8E /* PBXContainerItemProxy */;
		};
/* End PBXTargetDependency section */

/* Begin PBXVariantGroup section */
		2D1E1AD2147E06AD0021D73D /* Spectacle.xib */ = {
			isa = PBXVariantGroup;
			children = (
				2D1E1AD3147E06AD0021D73D /* en */,
			);
			name = Spectacle.xib;
			sourceTree = "<group>";
		};
		2DF0CF2B148A5CEF00A9E1DC /* Spectacle Accessibility Access.xib */ = {
			isa = PBXVariantGroup;
			children = (
				2DF0CF2C148A5CEF00A9E1DC /* en */,
			);
			name = "Spectacle Accessibility Access.xib";
			sourceTree = "<group>";
		};
		2DF0CF2D148A5CEF00A9E1DC /* Spectacle Preferences.xib */ = {
			isa = PBXVariantGroup;
			children = (
				2DF0CF2E148A5CEF00A9E1DC /* en */,
			);
			name = "Spectacle Preferences.xib";
			sourceTree = "<group>";
		};
/* End PBXVariantGroup section */

/* Begin XCBuildConfiguration section */
		1DBD214D08BA80EA00186707 /* Debug */ = {
			isa = XCBuildConfiguration;
			buildSettings = {
				ALWAYS_SEARCH_USER_PATHS = NO;
				ARCHS = "$(ARCHS_STANDARD)";
				CLANG_ANALYZER_LOCALIZABILITY_NONLOCALIZED = YES;
				CLANG_CXX_LANGUAGE_STANDARD = "gnu++0x";
				CLANG_CXX_LIBRARY = "libc++";
				CLANG_ENABLE_MODULES = YES;
				CLANG_ENABLE_OBJC_ARC = YES;
				CLANG_WARN_BLOCK_CAPTURE_AUTORELEASING = YES;
				CLANG_WARN_BOOL_CONVERSION = YES;
				CLANG_WARN_COMMA = YES;
				CLANG_WARN_CONSTANT_CONVERSION = YES;
				CLANG_WARN_DEPRECATED_OBJC_IMPLEMENTATIONS = YES;
				CLANG_WARN_DIRECT_OBJC_ISA_USAGE = YES_ERROR;
				CLANG_WARN_EMPTY_BODY = YES;
				CLANG_WARN_ENUM_CONVERSION = YES;
				CLANG_WARN_INFINITE_RECURSION = YES;
				CLANG_WARN_INT_CONVERSION = YES;
				CLANG_WARN_NON_LITERAL_NULL_CONVERSION = YES;
				CLANG_WARN_OBJC_IMPLICIT_RETAIN_SELF = YES;
				CLANG_WARN_OBJC_LITERAL_CONVERSION = YES;
				CLANG_WARN_OBJC_ROOT_CLASS = YES_ERROR;
				CLANG_WARN_RANGE_LOOP_ANALYSIS = YES;
				CLANG_WARN_STRICT_PROTOTYPES = YES;
				CLANG_WARN_SUSPICIOUS_MOVE = YES;
				CLANG_WARN_UNREACHABLE_CODE = YES;
				CLANG_WARN__DUPLICATE_METHOD_MATCH = YES;
				COPY_PHASE_STRIP = NO;
				DEBUG_INFORMATION_FORMAT = dwarf;
				ENABLE_STRICT_OBJC_MSGSEND = YES;
				ENABLE_TESTABILITY = YES;
				GCC_C_LANGUAGE_STANDARD = gnu99;
				GCC_DYNAMIC_NO_PIC = NO;
				GCC_NO_COMMON_BLOCKS = YES;
				GCC_OPTIMIZATION_LEVEL = 0;
				GCC_PREPROCESSOR_DEFINITIONS = (
					"DEBUG=1",
					"$(inherited)",
				);
				GCC_SYMBOLS_PRIVATE_EXTERN = NO;
				GCC_TREAT_WARNINGS_AS_ERRORS = YES;
				GCC_WARN_64_TO_32_BIT_CONVERSION = YES;
				GCC_WARN_ABOUT_RETURN_TYPE = YES_ERROR;
				GCC_WARN_UNDECLARED_SELECTOR = YES;
				GCC_WARN_UNINITIALIZED_AUTOS = YES_AGGRESSIVE;
				GCC_WARN_UNUSED_FUNCTION = YES;
				GCC_WARN_UNUSED_VARIABLE = YES;
				MACOSX_DEPLOYMENT_TARGET = 10.13;
				ONLY_ACTIVE_ARCH = YES;
				SDKROOT = macosx;
			};
			name = Debug;
		};
		1DBD214E08BA80EA00186707 /* Release */ = {
			isa = XCBuildConfiguration;
			buildSettings = {
				ALWAYS_SEARCH_USER_PATHS = NO;
				ARCHS = "$(ARCHS_STANDARD)";
				CLANG_ANALYZER_LOCALIZABILITY_NONLOCALIZED = YES;
				CLANG_CXX_LANGUAGE_STANDARD = "gnu++0x";
				CLANG_CXX_LIBRARY = "libc++";
				CLANG_ENABLE_MODULES = YES;
				CLANG_ENABLE_OBJC_ARC = YES;
				CLANG_WARN_BLOCK_CAPTURE_AUTORELEASING = YES;
				CLANG_WARN_BOOL_CONVERSION = YES;
				CLANG_WARN_COMMA = YES;
				CLANG_WARN_CONSTANT_CONVERSION = YES;
				CLANG_WARN_DEPRECATED_OBJC_IMPLEMENTATIONS = YES;
				CLANG_WARN_DIRECT_OBJC_ISA_USAGE = YES_ERROR;
				CLANG_WARN_EMPTY_BODY = YES;
				CLANG_WARN_ENUM_CONVERSION = YES;
				CLANG_WARN_INFINITE_RECURSION = YES;
				CLANG_WARN_INT_CONVERSION = YES;
				CLANG_WARN_NON_LITERAL_NULL_CONVERSION = YES;
				CLANG_WARN_OBJC_IMPLICIT_RETAIN_SELF = YES;
				CLANG_WARN_OBJC_LITERAL_CONVERSION = YES;
				CLANG_WARN_OBJC_ROOT_CLASS = YES_ERROR;
				CLANG_WARN_RANGE_LOOP_ANALYSIS = YES;
				CLANG_WARN_STRICT_PROTOTYPES = YES;
				CLANG_WARN_SUSPICIOUS_MOVE = YES;
				CLANG_WARN_UNREACHABLE_CODE = YES;
				CLANG_WARN__DUPLICATE_METHOD_MATCH = YES;
				COPY_PHASE_STRIP = NO;
				DEBUG_INFORMATION_FORMAT = "dwarf-with-dsym";
				ENABLE_NS_ASSERTIONS = NO;
				ENABLE_STRICT_OBJC_MSGSEND = YES;
				GCC_C_LANGUAGE_STANDARD = gnu99;
				GCC_NO_COMMON_BLOCKS = YES;
				GCC_TREAT_WARNINGS_AS_ERRORS = YES;
				GCC_WARN_64_TO_32_BIT_CONVERSION = YES;
				GCC_WARN_ABOUT_RETURN_TYPE = YES_ERROR;
				GCC_WARN_UNDECLARED_SELECTOR = YES;
				GCC_WARN_UNINITIALIZED_AUTOS = YES_AGGRESSIVE;
				GCC_WARN_UNUSED_FUNCTION = YES;
				GCC_WARN_UNUSED_VARIABLE = YES;
				MACOSX_DEPLOYMENT_TARGET = 10.13;
				SDKROOT = macosx;
			};
			name = Release;
		};
		2D1E1ACC147E06AD0021D73D /* Debug */ = {
			isa = XCBuildConfiguration;
			buildSettings = {
				ASSETCATALOG_COMPILER_APPICON_NAME = Spectacle;
				CODE_SIGN_IDENTITY = "-";
				COMBINE_HIDPI_IMAGES = YES;
				FRAMEWORK_SEARCH_PATHS = (
					"$(inherited)",
					"$(PROJECT_DIR)/Carthage/Build/Mac",
				);
				INFOPLIST_FILE = "Spectacle/Supporting Files/Info.plist";
				LD_RUNPATH_SEARCH_PATHS = "$(inherited) @executable_path/../Frameworks";
				PRODUCT_BUNDLE_IDENTIFIER = com.divisiblebyzero.Spectacle;
				PRODUCT_NAME = "$(TARGET_NAME)";
			};
			name = Debug;
		};
		2D1E1ACD147E06AD0021D73D /* Release */ = {
			isa = XCBuildConfiguration;
			buildSettings = {
				ASSETCATALOG_COMPILER_APPICON_NAME = Spectacle;
				CODE_SIGN_IDENTITY = "-";
				COMBINE_HIDPI_IMAGES = YES;
				FRAMEWORK_SEARCH_PATHS = (
					"$(inherited)",
					"$(PROJECT_DIR)/Carthage/Build/Mac",
				);
				INFOPLIST_FILE = "Spectacle/Supporting Files/Info.plist";
				LD_RUNPATH_SEARCH_PATHS = "$(inherited) @executable_path/../Frameworks";
				PRODUCT_BUNDLE_IDENTIFIER = com.divisiblebyzero.Spectacle;
				PRODUCT_NAME = "$(TARGET_NAME)";
			};
			name = Release;
		};
		2DA5B7CE19F8BA79007EDE8E /* Debug */ = {
			isa = XCBuildConfiguration;
			buildSettings = {
				BUNDLE_LOADER = "$(BUILT_PRODUCTS_DIR)/Spectacle.app/Contents/MacOS/Spectacle";
				COMBINE_HIDPI_IMAGES = YES;
				FRAMEWORK_SEARCH_PATHS = (
					"$(DEVELOPER_FRAMEWORKS_DIR)",
					"$(inherited)",
					"$(PROJECT_DIR)/Carthage/Build/Mac",
				);
				INFOPLIST_FILE = "SpectacleSpecs/Supporting Files/Info.plist";
				LD_RUNPATH_SEARCH_PATHS = "$(inherited) @executable_path/../Frameworks @loader_path/../Frameworks";
				PRODUCT_BUNDLE_IDENTIFIER = "com.divisiblebyzero.$(PRODUCT_NAME:rfc1034identifier)";
				PRODUCT_NAME = "$(TARGET_NAME)";
				TEST_HOST = "$(BUNDLE_LOADER)";
			};
			name = Debug;
		};
		2DA5B7CF19F8BA79007EDE8E /* Release */ = {
			isa = XCBuildConfiguration;
			buildSettings = {
				BUNDLE_LOADER = "$(BUILT_PRODUCTS_DIR)/Spectacle.app/Contents/MacOS/Spectacle";
				COMBINE_HIDPI_IMAGES = YES;
				FRAMEWORK_SEARCH_PATHS = (
					"$(DEVELOPER_FRAMEWORKS_DIR)",
					"$(inherited)",
					"$(PROJECT_DIR)/Carthage/Build/Mac",
				);
				INFOPLIST_FILE = "SpectacleSpecs/Supporting Files/Info.plist";
				LD_RUNPATH_SEARCH_PATHS = "$(inherited) @executable_path/../Frameworks @loader_path/../Frameworks";
				PRODUCT_BUNDLE_IDENTIFIER = "com.divisiblebyzero.$(PRODUCT_NAME:rfc1034identifier)";
				PRODUCT_NAME = "$(TARGET_NAME)";
				TEST_HOST = "$(BUNDLE_LOADER)";
			};
			name = Release;
		};
/* End XCBuildConfiguration section */

/* Begin XCConfigurationList section */
		1DBD214C08BA80EA00186707 /* Build configuration list for PBXProject "Spectacle" */ = {
			isa = XCConfigurationList;
			buildConfigurations = (
				1DBD214D08BA80EA00186707 /* Debug */,
				1DBD214E08BA80EA00186707 /* Release */,
			);
			defaultConfigurationIsVisible = 0;
			defaultConfigurationName = Release;
		};
		2D1E1ACE147E06AD0021D73D /* Build configuration list for PBXNativeTarget "Spectacle" */ = {
			isa = XCConfigurationList;
			buildConfigurations = (
				2D1E1ACC147E06AD0021D73D /* Debug */,
				2D1E1ACD147E06AD0021D73D /* Release */,
			);
			defaultConfigurationIsVisible = 0;
			defaultConfigurationName = Release;
		};
		2DA5B7D019F8BA79007EDE8E /* Build configuration list for PBXNativeTarget "SpectacleSpecs" */ = {
			isa = XCConfigurationList;
			buildConfigurations = (
				2DA5B7CE19F8BA79007EDE8E /* Debug */,
				2DA5B7CF19F8BA79007EDE8E /* Release */,
			);
			defaultConfigurationIsVisible = 0;
			defaultConfigurationName = Release;
		};
/* End XCConfigurationList section */
	};
	rootObject = 1DBD208908BA7EB900186707 /* Project object */;
}
